
Microsoft Visual Studio Solution File, Format Version 12.00
# Visual Studio 15
VisualStudioVersion = 15.0.26124.0
MinimumVisualStudioVersion = 15.0.26124.0
Project("{2150E333-8FDC-42A3-9474-1A3956D46DE8}") = "src", "src", "{18EE4279-31F3-43CB-BD5D-9DE7A8C51BB5}"
EndProject
Project("{FAE04EC0-301F-11D3-BF4B-00C04F79EFBC}") = "Id4Server", "src\Id4Server\Id4Server.csproj", "{309597CA-5C59-4B25-A867-F61C3C28472C}"
EndProject
Project("{FAE04EC0-301F-11D3-BF4B-00C04F79EFBC}") = "Api", "src\Api\Api.csproj", "{09F8C7B6-D4E5-4710-A1DD-8548E7627D3B}"
EndProject
Project("{FAE04EC0-301F-11D3-BF4B-00C04F79EFBC}") = "Client", "src\Client\Client.csproj", "{8F5AEFEF-6426-4546-AABF-EADC63A2AB78}"
EndProject
Project("{FAE04EC0-301F-11D3-BF4B-00C04F79EFBC}") = "MVCClient", "src\MVCClient\MVCClient.csproj", "{85F3F5F9-EA67-4F85-A168-6C247DB3078E}"
EndProject
Project("{FAE04EC0-301F-11D3-BF4B-00C04F79EFBC}") = "JsClient", "src\JsClient\JsClient.csproj", "{FADA3E81-8EB6-4DF0-9B91-B53776D6A8F7}"
EndProject
Global
	GlobalSection(SolutionConfigurationPlatforms) = preSolution
		Debug|Any CPU = Debug|Any CPU
		Debug|x64 = Debug|x64
		Debug|x86 = Debug|x86
		Release|Any CPU = Release|Any CPU
		Release|x64 = Release|x64
		Release|x86 = Release|x86
	EndGlobalSection
	GlobalSection(SolutionProperties) = preSolution
		HideSolutionNode = FALSE
	EndGlobalSection
	GlobalSection(ProjectConfigurationPlatforms) = postSolution
		{309597CA-5C59-4B25-A867-F61C3C28472C}.Debug|Any CPU.ActiveCfg = Debug|Any CPU
		{309597CA-5C59-4B25-A867-F61C3C28472C}.Debug|Any CPU.Build.0 = Debug|Any CPU
		{309597CA-5C59-4B25-A867-F61C3C28472C}.Debug|x64.ActiveCfg = Debug|Any CPU
		{309597CA-5C59-4B25-A867-F61C3C28472C}.Debug|x64.Build.0 = Debug|Any CPU
		{309597CA-5C59-4B25-A867-F61C3C28472C}.Debug|x86.ActiveCfg = Debug|Any CPU
		{309597CA-5C59-4B25-A867-F61C3C28472C}.Debug|x86.Build.0 = Debug|Any CPU
		{309597CA-5C59-4B25-A867-F61C3C28472C}.Release|Any CPU.ActiveCfg = Release|Any CPU
		{309597CA-5C59-4B25-A867-F61C3C28472C}.Release|Any CPU.Build.0 = Release|Any CPU
		{309597CA-5C59-4B25-A867-F61C3C28472C}.Release|x64.ActiveCfg = Release|Any CPU
		{309597CA-5C59-4B25-A867-F61C3C28472C}.Release|x64.Build.0 = Release|Any CPU
		{309597CA-5C59-4B25-A867-F61C3C28472C}.Release|x86.ActiveCfg = Release|Any CPU
		{309597CA-5C59-4B25-A867-F61C3C28472C}.Release|x86.Build.0 = Release|Any CPU
		{09F8C7B6-D4E5-4710-A1DD-8548E7627D3B}.Debug|Any CPU.ActiveCfg = Debug|Any CPU
		{09F8C7B6-D4E5-4710-A1DD-8548E7627D3B}.Debug|Any CPU.Build.0 = Debug|Any CPU
		{09F8C7B6-D4E5-4710-A1DD-8548E7627D3B}.Debug|x64.ActiveCfg = Debug|Any CPU
		{09F8C7B6-D4E5-4710-A1DD-8548E7627D3B}.Debug|x64.Build.0 = Debug|Any CPU
		{09F8C7B6-D4E5-4710-A1DD-8548E7627D3B}.Debug|x86.ActiveCfg = Debug|Any CPU
		{09F8C7B6-D4E5-4710-A1DD-8548E7627D3B}.Debug|x86.Build.0 = Debug|Any CPU
		{09F8C7B6-D4E5-4710-A1DD-8548E7627D3B}.Release|Any CPU.ActiveCfg = Release|Any CPU
		{09F8C7B6-D4E5-4710-A1DD-8548E7627D3B}.Release|Any CPU.Build.0 = Release|Any CPU
		{09F8C7B6-D4E5-4710-A1DD-8548E7627D3B}.Release|x64.ActiveCfg = Release|Any CPU
		{09F8C7B6-D4E5-4710-A1DD-8548E7627D3B}.Release|x64.Build.0 = Release|Any CPU
		{09F8C7B6-D4E5-4710-A1DD-8548E7627D3B}.Release|x86.ActiveCfg = Release|Any CPU
		{09F8C7B6-D4E5-4710-A1DD-8548E7627D3B}.Release|x86.Build.0 = Release|Any CPU
		{8F5AEFEF-6426-4546-AABF-EADC63A2AB78}.Debug|Any CPU.ActiveCfg = Debug|Any CPU
		{8F5AEFEF-6426-4546-AABF-EADC63A2AB78}.Debug|Any CPU.Build.0 = Debug|Any CPU
		{8F5AEFEF-6426-4546-AABF-EADC63A2AB78}.Debug|x64.ActiveCfg = Debug|Any CPU
		{8F5AEFEF-6426-4546-AABF-EADC63A2AB78}.Debug|x64.Build.0 = Debug|Any CPU
		{8F5AEFEF-6426-4546-AABF-EADC63A2AB78}.Debug|x86.ActiveCfg = Debug|Any CPU
		{8F5AEFEF-6426-4546-AABF-EADC63A2AB78}.Debug|x86.Build.0 = Debug|Any CPU
		{8F5AEFEF-6426-4546-AABF-EADC63A2AB78}.Release|Any CPU.ActiveCfg = Release|Any CPU
		{8F5AEFEF-6426-4546-AABF-EADC63A2AB78}.Release|Any CPU.Build.0 = Release|Any CPU
		{8F5AEFEF-6426-4546-AABF-EADC63A2AB78}.Release|x64.ActiveCfg = Release|Any CPU
		{8F5AEFEF-6426-4546-AABF-EADC63A2AB78}.Release|x64.Build.0 = Release|Any CPU
		{8F5AEFEF-6426-4546-AABF-EADC63A2AB78}.Release|x86.ActiveCfg = Release|Any CPU
		{8F5AEFEF-6426-4546-AABF-EADC63A2AB78}.Release|x86.Build.0 = Release|Any CPU
		{85F3F5F9-EA67-4F85-A168-6C247DB3078E}.Debug|Any CPU.ActiveCfg = Debug|Any CPU
		{85F3F5F9-EA67-4F85-A168-6C247DB3078E}.Debug|Any CPU.Build.0 = Debug|Any CPU
		{85F3F5F9-EA67-4F85-A168-6C247DB3078E}.Debug|x64.ActiveCfg = Debug|Any CPU
		{85F3F5F9-EA67-4F85-A168-6C247DB3078E}.Debug|x64.Build.0 = Debug|Any CPU
		{85F3F5F9-EA67-4F85-A168-6C247DB3078E}.Debug|x86.ActiveCfg = Debug|Any CPU
		{85F3F5F9-EA67-4F85-A168-6C247DB3078E}.Debug|x86.Build.0 = Debug|Any CPU
		{85F3F5F9-EA67-4F85-A168-6C247DB3078E}.Release|Any CPU.ActiveCfg = Release|Any CPU
		{85F3F5F9-EA67-4F85-A168-6C247DB3078E}.Release|Any CPU.Build.0 = Release|Any CPU
		{85F3F5F9-EA67-4F85-A168-6C247DB3078E}.Release|x64.ActiveCfg = Release|Any CPU
		{85F3F5F9-EA67-4F85-A168-6C247DB3078E}.Release|x64.Build.0 = Release|Any CPU
		{85F3F5F9-EA67-4F85-A168-6C247DB3078E}.Release|x86.ActiveCfg = Release|Any CPU
		{85F3F5F9-EA67-4F85-A168-6C247DB3078E}.Release|x86.Build.0 = Release|Any CPU
		{FADA3E81-8EB6-4DF0-9B91-B53776D6A8F7}.Debug|Any CPU.ActiveCfg = Debug|Any CPU
		{FADA3E81-8EB6-4DF0-9B91-B53776D6A8F7}.Debug|Any CPU.Build.0 = Debug|Any CPU
		{FADA3E81-8EB6-4DF0-9B91-B53776D6A8F7}.Debug|x64.ActiveCfg = Debug|Any CPU
		{FADA3E81-8EB6-4DF0-9B91-B53776D6A8F7}.Debug|x64.Build.0 = Debug|Any CPU
		{FADA3E81-8EB6-4DF0-9B91-B53776D6A8F7}.Debug|x86.ActiveCfg = Debug|Any CPU
		{FADA3E81-8EB6-4DF0-9B91-B53776D6A8F7}.Debug|x86.Build.0 = Debug|Any CPU
		{FADA3E81-8EB6-4DF0-9B91-B53776D6A8F7}.Release|Any CPU.ActiveCfg = Release|Any CPU
		{FADA3E81-8EB6-4DF0-9B91-B53776D6A8F7}.Release|Any CPU.Build.0 = Release|Any CPU
		{FADA3E81-8EB6-4DF0-9B91-B53776D6A8F7}.Release|x64.ActiveCfg = Release|Any CPU
		{FADA3E81-8EB6-4DF0-9B91-B53776D6A8F7}.Release|x64.Build.0 = Release|Any CPU
		{FADA3E81-8EB6-4DF0-9B91-B53776D6A8F7}.Release|x86.ActiveCfg = Release|Any CPU
		{FADA3E81-8EB6-4DF0-9B91-B53776D6A8F7}.Release|x86.Build.0 = Release|Any CPU
	EndGlobalSection
	GlobalSection(NestedProjects) = preSolution
		{309597CA-5C59-4B25-A867-F61C3C28472C} = {18EE4279-31F3-43CB-BD5D-9DE7A8C51BB5}
		{09F8C7B6-D4E5-4710-A1DD-8548E7627D3B} = {18EE4279-31F3-43CB-BD5D-9DE7A8C51BB5}
		{8F5AEFEF-6426-4546-AABF-EADC63A2AB78} = {18EE4279-31F3-43CB-BD5D-9DE7A8C51BB5}
		{85F3F5F9-EA67-4F85-A168-6C247DB3078E} = {18EE4279-31F3-43CB-BD5D-9DE7A8C51BB5}
		{FADA3E81-8EB6-4DF0-9B91-B53776D6A8F7} = {18EE4279-31F3-43CB-BD5D-9DE7A8C51BB5}
	EndGlobalSection
EndGlobal
